
Microsoft Visual Studio Solution File, Format Version 12.00
# Visual Studio Version 16
VisualStudioVersion = 16.0.31205.134
MinimumVisualStudioVersion = 10.0.40219.1
Project("{FAE04EC0-301F-11D3-BF4B-00C04F79EFBC}") = "SESSIA2PR", "SESSIA2PR\SESSIA2PR.csproj", "{9C65D462-5C0F-4B2D-BA64-31CF62F4E115}"
EndProject
Global
	GlobalSection(SolutionConfigurationPlatforms) = preSolution
		Debug|Any CPU = Debug|Any CPU
		Release|Any CPU = Release|Any CPU
	EndGlobalSection
	GlobalSection(ProjectConfigurationPlatforms) = postSolution
		{9C65D462-5C0F-4B2D-BA64-31CF62F4E115}.Debug|Any CPU.ActiveCfg = Debug|Any CPU
		{9C65D462-5C0F-4B2D-BA64-31CF62F4E115}.Debug|Any CPU.Build.0 = Debug|Any CPU
		{9C65D462-5C0F-4B2D-BA64-31CF62F4E115}.Release|Any CPU.ActiveCfg = Release|Any CPU
		{9C65D462-5C0F-4B2D-BA64-31CF62F4E115}.Release|Any CPU.Build.0 = Release|Any CPU
	EndGlobalSection
	GlobalSection(SolutionProperties) = preSolution
		HideSolutionNode = FALSE
	EndGlobalSection
	GlobalSection(ExtensibilityGlobals) = postSolution
		SolutionGuid = {790F7477-17EA-42E3-98E0-7DDD04604AFB}
	EndGlobalSection
EndGlobal
